PODS:
  - Alamofire (5.5.0)
  - Kingfisher (6.3.1)
  - RxCocoa (5.1.1):
    - RxRelay (~> 5)
    - RxSwift (~> 5)
  - RxRelay (5.1.3):
    - RxSwift (~> 5)
  - RxSwift (5.1.1)

DEPENDENCIES:
  - Alamofire (~> 5.5)
  - Kingfisher (= 6.3.1)
  - RxCocoa (= 5.1.1)
  - RxSwift (= 5.1.1)

SPEC REPOS:
  trunk:
    - Alamofire
    - Kingfisher
    - RxCocoa
    - RxRelay
    - RxSwift

SPEC CHECKSUMS:
  Alamofire: 1c4fb5369c3fe93d2857c780d8bbe09f06f97e7c
  Kingfisher: 016c8b653a35add51dd34a3aba36b580041acc74
  RxCocoa: 32065309a38d29b5b0db858819b5bf9ef038b601
  RxRelay: 5a18c2eb2d68326ebaf0112f80d837ae41b92b97
  RxSwift: 81470a2074fa8780320ea5fe4102807cb7118178

PODFILE CHECKSUM: e5bf8bd00700048b9b9e76e5618711c267a62154

COCOAPODS: 1.11.3
